{
  "object": {
    "pins": [
      {
        "package": "SnapshotTesting",
        "repositoryURL": "https://github.com/pointfreeco/swift-snapshot-testing.git",
        "state": {
          "branch": null,
          "revision": "f8a9c997c3c1dab4e216a8ec9014e23144cbab37",
          "version": "1.9.0"
        }
      },
      {
        "package": "SwiftUIX",
        "repositoryURL": "https://github.com/SwiftUIX/SwiftUIX",
        "state": {
          "branch": "master",
          "revision": "7d6f51a4c083b88dc7b1fa4930cfcb3df3930680",
          "version": null
        }
      }
    ]
  },
  "version": 1
}
